
Microsoft Visual Studio Solution File, Format Version 12.00
# Visual Studio Version 16
VisualStudioVersion = 16.0.31613.86
MinimumVisualStudioVersion = 10.0.40219.1
Project("{8BC9CEB8-8B4A-11D0-8D11-00A0C91BC942}") = "LaboARemettre01", "LaboARemettre01\LaboARemettre01.vcxproj", "{BEC72F7E-17FA-4477-8BC7-135F35BD9916}"
EndProject
Global
	GlobalSection(SolutionConfigurationPlatforms) = preSolution
		Debug|x64 = Debug|x64
		Debug|x86 = Debug|x86
		Release|x64 = Release|x64
		Release|x86 = Release|x86
	EndGlobalSection
	GlobalSection(ProjectConfigurationPlatforms) = postSolution
		{BEC72F7E-17FA-4477-8BC7-135F35BD9916}.Debug|x64.ActiveCfg = Debug|x64
		{BEC72F7E-17FA-4477-8BC7-135F35BD9916}.Debug|x64.Build.0 = Debug|x64
		{BEC72F7E-17FA-4477-8BC7-135F35BD9916}.Debug|x86.ActiveCfg = Debug|Win32
		{BEC72F7E-17FA-4477-8BC7-135F35BD9916}.Debug|x86.Build.0 = Debug|Win32
		{BEC72F7E-17FA-4477-8BC7-135F35BD9916}.Release|x64.ActiveCfg = Release|x64
		{BEC72F7E-17FA-4477-8BC7-135F35BD9916}.Release|x64.Build.0 = Release|x64
		{BEC72F7E-17FA-4477-8BC7-135F35BD9916}.Release|x86.ActiveCfg = Release|Win32
		{BEC72F7E-17FA-4477-8BC7-135F35BD9916}.Release|x86.Build.0 = Release|Win32
	EndGlobalSection
	GlobalSection(SolutionProperties) = preSolution
		HideSolutionNode = FALSE
	EndGlobalSection
	GlobalSection(ExtensibilityGlobals) = postSolution
		SolutionGuid = {823F0CAF-4780-468D-9380-AF39B0AB9766}
	EndGlobalSection
EndGlobal
